{
    "version": 3,
    "terraform_version": "0.7.0",
    "serial": 7,
    "lineage": "106378e1-a8b2-43a2-9a8f-e0f5b93d5b90",
    "modules": [
        {
            "path": [
                "root"
            ],
            "outputs": {
                "ragent-instances": {
                    "sensitive": false,
                    "type": "string",
                    "value": "10.0.0.4"
                },
                "rserver-instances": {
                    "sensitive": false,
                    "type": "string",
                    "value": "192.121.20.125"
                }
            },
            "resources": {
                "openstack_compute_floatingip_v2.fip.0": {
                    "type": "openstack_compute_floatingip_v2",
                    "primary": {
                        "id": "e13c7e71-5ea5-4c8c-8986-13c7cb9033ce",
                        "attributes": {
                            "address": "192.121.20.125",
                            "fixed_ip": "10.0.0.3",
                            "id": "e13c7e71-5ea5-4c8c-8986-13c7cb9033ce",
                            "instance_id": "bfcf5872-4351-4a4f-8e69-9de20a2c00d2",
                            "pool": "ext-net-01"
                        }
                    }
                },
                "openstack_compute_floatingip_v2.fip.1": {
                    "type": "openstack_compute_floatingip_v2",
                    "primary": {
                        "id": "d2a2acfb-9dbc-46c4-ac57-8365b514a170",
                        "attributes": {
                            "address": "192.121.20.124",
                            "fixed_ip": "",
                            "id": "d2a2acfb-9dbc-46c4-ac57-8365b514a170",
                            "instance_id": "",
                            "pool": "ext-net-01"
                        }
                    }
                },
                "openstack_compute_instance_v2.ragent_cluster": {
                    "type": "openstack_compute_instance_v2",
                    "depends_on": [
                        "openstack_compute_keypair_v2.demo_keypair",
                        "openstack_compute_secgroup_v2.ragent_sg",
                        "openstack_compute_secgroup_v2.rall_sg",
                        "openstack_compute_servergroup_v2.ragent_srvgrp",
                        "openstack_networking_network_v2.rancher_net"
                    ],
                    "primary": {
                        "id": "3a9f4358-2db7-47d5-8615-6f7f0ba0c8bb",
                        "attributes": {
                            "access_ip_v4": "10.0.0.4",
                            "access_ip_v6": "",
                            "flavor_id": "b0d3ef86-19f7-4fa0-8b91-72f8cbbd517b",
                            "flavor_name": "m1.tiny",
                            "id": "3a9f4358-2db7-47d5-8615-6f7f0ba0c8bb",
                            "image_id": "20561ec1-f2fa-4468-8db1-2cc632978b1e",
                            "image_name": "rancheros-0.5.0",
                            "key_pair": "demo-keypair",
                            "metadata.%": "0",
                            "name": "ragent-1",
                            "network.#": "1",
                            "network.0.access_network": "false",
                            "network.0.fixed_ip_v4": "10.0.0.4",
                            "network.0.fixed_ip_v6": "",
                            "network.0.floating_ip": "",
                            "network.0.mac": "fa:16:3e:dd:e4:c4",
                            "network.0.name": "rancher-net",
                            "network.0.port": "",
                            "network.0.uuid": "403b400d-174d-499f-901b-2060c8e05d74",
                            "scheduler_hints.#": "1",
                            "scheduler_hints.4237458263.build_near_host_ip": "",
                            "scheduler_hints.4237458263.different_host.#": "0",
                            "scheduler_hints.4237458263.group": "a31b2cef-8787-4e8f-bf31-da6c47c010f9",
                            "scheduler_hints.4237458263.query.#": "0",
                            "scheduler_hints.4237458263.same_host.#": "0",
                            "scheduler_hints.4237458263.target_cell": "",
                            "security_groups.#": "2",
                            "security_groups.389760704": "ragent-sg",
                            "security_groups.4015004425": "rall-sg",
                            "stop_before_destroy": "false",
                            "user_data": "1fb7ab2852c75b841e6175572a06b8a9bf829907",
                            "volume.#": "0"
                        }
                    }
                },
                "openstack_compute_instance_v2.rserver_cluster": {
                    "type": "openstack_compute_instance_v2",
                    "depends_on": [
                        "openstack_compute_floatingip_v2.fip",
                        "openstack_compute_keypair_v2.demo_keypair",
                        "openstack_compute_secgroup_v2.rall_sg",
                        "openstack_compute_secgroup_v2.rserver_sg",
                        "openstack_compute_servergroup_v2.rserver_srvgrp",
                        "openstack_networking_network_v2.rancher_net"
                    ],
                    "primary": {
                        "id": "bfcf5872-4351-4a4f-8e69-9de20a2c00d2",
                        "attributes": {
                            "access_ip_v4": "192.121.20.125",
                            "access_ip_v6": "",
                            "flavor_id": "b0d3ef86-19f7-4fa0-8b91-72f8cbbd517b",
                            "flavor_name": "m1.tiny",
                            "floating_ip": "192.121.20.125",
                            "id": "bfcf5872-4351-4a4f-8e69-9de20a2c00d2",
                            "image_id": "20561ec1-f2fa-4468-8db1-2cc632978b1e",
                            "image_name": "rancheros-0.5.0",
                            "key_pair": "demo-keypair",
                            "metadata.%": "0",
                            "name": "rserver-1",
                            "network.#": "1",
                            "network.0.access_network": "false",
                            "network.0.fixed_ip_v4": "10.0.0.3",
                            "network.0.fixed_ip_v6": "",
                            "network.0.floating_ip": "192.121.20.125",
                            "network.0.mac": "fa:16:3e:d9:9f:82",
                            "network.0.name": "rancher-net",
                            "network.0.port": "",
                            "network.0.uuid": "403b400d-174d-499f-901b-2060c8e05d74",
                            "scheduler_hints.#": "1",
                            "scheduler_hints.3027695666.build_near_host_ip": "",
                            "scheduler_hints.3027695666.different_host.#": "0",
                            "scheduler_hints.3027695666.group": "bbfa3d71-7663-4006-b18b-1a6fc26637d7",
                            "scheduler_hints.3027695666.query.#": "0",
                            "scheduler_hints.3027695666.same_host.#": "0",
                            "scheduler_hints.3027695666.target_cell": "",
                            "security_groups.#": "2",
                            "security_groups.2435504277": "rserver-sg",
                            "security_groups.4015004425": "rall-sg",
                            "stop_before_destroy": "false",
                            "user_data": "1fb7ab2852c75b841e6175572a06b8a9bf829907",
                            "volume.#": "0"
                        }
                    }
                },
                "openstack_compute_keypair_v2.demo_keypair": {
                    "type": "openstack_compute_keypair_v2",
                    "primary": {
                        "id": "demo-keypair",
                        "attributes": {
                            "id": "demo-keypair",
                            "name": "demo-keypair",
                            "public_key": "ssh-rsa AAAAB3NzaC1yc2EAAAADAQABAAABAQDYJ3PpiPu4lpHj2bMSNm43CCKlxOp2nnTzp9WBtGPHHyTFZgstogFCAeHXo+cHq8VKmW2+0SqWmqpwmtV07mrBur5q4jgyIGAP+B878uVFNTA2TpcB3EOPFR+HVjv37S0bRFllMIGDUyQCfZJZbf4NddkKSzfPS7xhXGAHggDfWqlS1UM+c5KNUqigTKNq/41Vq7huk9+s9x9MYJvm+9cZ3gl9QxB4R7bjCRsIiCh0uGwlVLJ/x1lNXV0a3i/O3e7GZO6UsyJ8V1ew/OknAbtgCu5tC82Nqi473PzB6ZpzcLe7iNynfsVPLp0BrfO41W08kDMzJz3qUVSzbekF2NA/\n"
                        }
                    }
                },
                "openstack_compute_secgroup_v2.ragent_sg": {
                    "type": "openstack_compute_secgroup_v2",
                    "primary": {
                        "id": "8693adec-f1ab-4b4c-9c55-3cf724d3313a",
                        "attributes": {
                            "description": "rancher agent security group",
                            "id": "8693adec-f1ab-4b4c-9c55-3cf724d3313a",
                            "name": "ragent-sg",
                            "rule.#": "1",
                            "rule.836640770.cidr": "0.0.0.0/0",
                            "rule.836640770.from_group_id": "",
                            "rule.836640770.from_port": "22",
                            "rule.836640770.id": "a0cfab8e-dc49-4359-a1d0-424427784cec",
                            "rule.836640770.ip_protocol": "tcp",
                            "rule.836640770.self": "false",
                            "rule.836640770.to_port": "22"
                        }
                    }
                },
                "openstack_compute_secgroup_v2.rall_sg": {
                    "type": "openstack_compute_secgroup_v2",
                    "primary": {
                        "id": "616fbec6-c7b1-4314-baec-fcd8044aa929",
                        "attributes": {
                            "description": "rancher all security group",
                            "id": "616fbec6-c7b1-4314-baec-fcd8044aa929",
                            "name": "rall-sg",
                            "rule.#": "2",
                            "rule.1120793854.cidr": "",
                            "rule.1120793854.from_group_id": "",
                            "rule.1120793854.from_port": "500",
                            "rule.1120793854.id": "47ecd1f0-e8b1-4da1-b511-f1b96c5c0c51",
                            "rule.1120793854.ip_protocol": "udp",
                            "rule.1120793854.self": "true",
                            "rule.1120793854.to_port": "500",
                            "rule.3332204337.cidr": "",
                            "rule.3332204337.from_group_id": "",
                            "rule.3332204337.from_port": "4500",
                            "rule.3332204337.id": "35845ba4-5810-43e0-836f-9064c9b4c396",
                            "rule.3332204337.ip_protocol": "udp",
                            "rule.3332204337.self": "true",
                            "rule.3332204337.to_port": "4500"
                        }
                    }
                },
                "openstack_compute_secgroup_v2.rserver_sg": {
                    "type": "openstack_compute_secgroup_v2",
                    "primary": {
                        "id": "221ca3f2-0d16-4fe1-9658-b3c321501773",
                        "attributes": {
                            "description": "rancher server security group",
                            "id": "221ca3f2-0d16-4fe1-9658-b3c321501773",
                            "name": "rserver-sg",
                            "rule.#": "2",
                            "rule.1552579484.cidr": "0.0.0.0/0",
                            "rule.1552579484.from_group_id": "",
                            "rule.1552579484.from_port": "8080",
                            "rule.1552579484.id": "d07e1f26-bb53-4b74-a8c7-3f8bc1a3538c",
                            "rule.1552579484.ip_protocol": "tcp",
                            "rule.1552579484.self": "false",
                            "rule.1552579484.to_port": "8080",
                            "rule.3211544828.cidr": "0.0.0.0/0",
                            "rule.3211544828.from_group_id": "",
                            "rule.3211544828.from_port": "443",
                            "rule.3211544828.id": "95734265-9a34-4a88-89f0-c743623d87b1",
                            "rule.3211544828.ip_protocol": "tcp",
                            "rule.3211544828.self": "false",
                            "rule.3211544828.to_port": "443"
                        }
                    }
                },
                "openstack_compute_servergroup_v2.ragent_srvgrp": {
                    "type": "openstack_compute_servergroup_v2",
                    "primary": {
                        "id": "a31b2cef-8787-4e8f-bf31-da6c47c010f9",
                        "attributes": {
                            "id": "a31b2cef-8787-4e8f-bf31-da6c47c010f9",
                            "members.#": "1",
                            "members.0": "3a9f4358-2db7-47d5-8615-6f7f0ba0c8bb",
                            "name": "ragent-srvgrp",
                            "policies.#": "1",
                            "policies.0": "anti-affinity"
                        }
                    }
                },
                "openstack_compute_servergroup_v2.rserver_srvgrp": {
                    "type": "openstack_compute_servergroup_v2",
                    "primary": {
                        "id": "bbfa3d71-7663-4006-b18b-1a6fc26637d7",
                        "attributes": {
                            "id": "bbfa3d71-7663-4006-b18b-1a6fc26637d7",
                            "members.#": "1",
                            "members.0": "bfcf5872-4351-4a4f-8e69-9de20a2c00d2",
                            "name": "rserver-srvgrp",
                            "policies.#": "1",
                            "policies.0": "anti-affinity"
                        }
                    }
                },
                "openstack_networking_network_v2.rancher_net": {
                    "type": "openstack_networking_network_v2",
                    "primary": {
                        "id": "403b400d-174d-499f-901b-2060c8e05d74",
                        "attributes": {
                            "admin_state_up": "true",
                            "id": "403b400d-174d-499f-901b-2060c8e05d74",
                            "name": "rancher-net",
                            "shared": "false",
                            "tenant_id": "ae1294450d5c4007b85d5de54e73de7d"
                        }
                    }
                },
                "openstack_networking_router_interface_v2.rancher-interface": {
                    "type": "openstack_networking_router_interface_v2",
                    "depends_on": [
                        "openstack_networking_router_v2.router",
                        "openstack_networking_subnet_v2.rancher_subnet"
                    ],
                    "primary": {
                        "id": "b6e1f649-d1ed-4e1a-9374-b47e8fe55544",
                        "attributes": {
                            "id": "b6e1f649-d1ed-4e1a-9374-b47e8fe55544",
                            "router_id": "3fd4405a-dfff-4c68-8e42-12b9fac8ef4e",
                            "subnet_id": "b585250f-a28f-474c-95dd-dca9ad3b6170"
                        }
                    }
                },
                "openstack_networking_router_v2.router": {
                    "type": "openstack_networking_router_v2",
                    "primary": {
                        "id": "3fd4405a-dfff-4c68-8e42-12b9fac8ef4e",
                        "attributes": {
                            "admin_state_up": "true",
                            "distributed": "false",
                            "external_gateway": "62954df1-05bb-42e5-9960-ca921cccaeeb",
                            "id": "3fd4405a-dfff-4c68-8e42-12b9fac8ef4e",
                            "name": "ops-router",
                            "tenant_id": "ae1294450d5c4007b85d5de54e73de7d"
                        }
                    }
                },
                "openstack_networking_subnet_v2.rancher_subnet": {
                    "type": "openstack_networking_subnet_v2",
                    "depends_on": [
                        "openstack_networking_network_v2.rancher_net"
                    ],
                    "primary": {
                        "id": "b585250f-a28f-474c-95dd-dca9ad3b6170",
                        "attributes": {
                            "cidr": "10.0.0.0/24",
                            "dns_nameservers.#": "0",
                            "enable_dhcp": "true",
                            "gateway_ip": "10.0.0.1",
                            "host_routes.#": "0",
                            "id": "b585250f-a28f-474c-95dd-dca9ad3b6170",
                            "ip_version": "4",
                            "name": "rancher-subnet",
                            "network_id": "403b400d-174d-499f-901b-2060c8e05d74",
                            "tenant_id": "ae1294450d5c4007b85d5de54e73de7d"
                        }
                    }
                }
            }
        }
    ]
}
